
Microsoft Visual Studio Solution File, Format Version 12.00
# Visual Studio Version 17
VisualStudioVersion = 17.2.32526.322
MinimumVisualStudioVersion = 10.0.40219.1
Project("{2150E333-8FDC-42A3-9474-1A3956D46DE8}") = "Analyzers", "Analyzers", "{0D292405-C373-471D-8A6B-1519A4013D4D}"
EndProject
Project("{9A19103F-16F7-4668-BE54-9A1E7A4F7556}") = "Melville.ArchitectureAnalyzer", "Melville.ArchitectureAnalyzer\Melville.ArchitectureAnalyzer.csproj", "{0DC5C5E9-B98F-46BB-B1D9-C3E6E0278D31}"
EndProject
Project("{9A19103F-16F7-4668-BE54-9A1E7A4F7556}") = "Melville.ArchitectureAnalyzer.Test", "Melville.ArchitectureAnalyzer.Test\Melville.ArchitectureAnalyzer.Test.csproj", "{CA104955-A685-458B-B876-35D26312FC60}"
EndProject
Project("{2150E333-8FDC-42A3-9474-1A3956D46DE8}") = "Test", "Test", "{A186AFC6-EDF0-44BE-B437-CA145297DEBC}"
EndProject
Project("{9A19103F-16F7-4668-BE54-9A1E7A4F7556}") = "Melville.Pdf.DataModelTests", "Melville.Pdf.DataModelTests\Melville.Pdf.DataModelTests.csproj", "{02E347D4-7A7F-4E75-9A53-AE57FDA748A6}"
EndProject
Project("{2150E333-8FDC-42A3-9474-1A3956D46DE8}") = "Pdf", "Pdf", "{FD4F4F5B-F293-4B46-ABE9-99CF3C5D588D}"
EndProject
Project("{9A19103F-16F7-4668-BE54-9A1E7A4F7556}") = "Melville.Pdf.LowLevel", "Melville.Pdf.LowLevel\Melville.Pdf.LowLevel.csproj", "{D27E7BEE-41BA-449B-B087-26868E495D83}"
EndProject
Project("{9A19103F-16F7-4668-BE54-9A1E7A4F7556}") = "Pdf.KnownNamesGenerator", "Pdf.KnownNamesGenerator\Pdf.KnownNamesGenerator.csproj", "{1738ADC7-E1BB-477F-A9DB-D5ECC64CA254}"
EndProject
Project("{2150E333-8FDC-42A3-9474-1A3956D46DE8}") = "Performance", "Performance", "{A0542A96-3DD5-4831-A310-F949F6769F60}"
EndProject
Project("{9A19103F-16F7-4668-BE54-9A1E7A4F7556}") = "Performance.Playground", "Performance.Playground\Performance.Playground.csproj", "{78456303-95F1-407D-A810-13826FED7137}"
EndProject
Project("{2150E333-8FDC-42A3-9474-1A3956D46DE8}") = "Tools", "Tools", "{7808232A-94F8-4390-9D4E-A9CBCC067CBB}"
EndProject
Project("{9A19103F-16F7-4668-BE54-9A1E7A4F7556}") = "Melville.Pdf.LowLevelViewer", "Melville.Pdf.LowLevelViewer\Melville.Pdf.LowLevelViewer.csproj", "{90BBCB23-3170-47F8-96E4-E2469A660C9D}"
EndProject
Project("{9A19103F-16F7-4668-BE54-9A1E7A4F7556}") = "Melville.Pdf.WpfToolTests", "Melville.Pdf.WpfToolTests\Melville.Pdf.WpfToolTests.csproj", "{BE2B7930-9513-4F0F-BE1A-05D3F4073FB5}"
EndProject
Project("{9A19103F-16F7-4668-BE54-9A1E7A4F7556}") = "Melville.Pdf.ReferenceDocumentGenerator", "Melville.Pdf.ReferenceDocumentGenerator\Melville.Pdf.ReferenceDocumentGenerator.csproj", "{E2E63284-44F6-4209-AC2C-2592C2CF51F9}"
EndProject
Project("{9A19103F-16F7-4668-BE54-9A1E7A4F7556}") = "Melville.Pdf.FuzzTest", "Melville.Pdf.FuzzTest\Melville.Pdf.FuzzTest.csproj", "{E1E7D6E0-CC8F-45F3-ABA7-94FC4D09F071}"
EndProject
Project("{9A19103F-16F7-4668-BE54-9A1E7A4F7556}") = "Melville.Pdf.Model", "Melville.Pdf.Model\Melville.Pdf.Model.csproj", "{AA7A3439-597D-404B-AE56-C6C056D32273}"
EndProject
Project("{9A19103F-16F7-4668-BE54-9A1E7A4F7556}") = "Melville.Pdf.ReferenceDocuments", "Melville.Pdf.ReferenceDocuments\Melville.Pdf.ReferenceDocuments.csproj", "{A60A0525-20CB-4147-AA41-161963B80057}"
EndProject
Project("{9A19103F-16F7-4668-BE54-9A1E7A4F7556}") = "Melville.Pdf.ComparingReader", "Melville.Pdf.ComparingReader\Melville.Pdf.ComparingReader.csproj", "{DEF98F68-C5B1-4C4A-99D4-BA48517FF30E}"
EndProject
Project("{9A19103F-16F7-4668-BE54-9A1E7A4F7556}") = "Melville.Pdf.LowLevelViewerParts", "Melville.Pdf.LowLevelViewerParts\Melville.Pdf.LowLevelViewerParts.csproj", "{2CB5D3FA-FEB1-4C30-A319-2611FBE8A68F}"
EndProject
Project("{2150E333-8FDC-42A3-9474-1A3956D46DE8}") = "Renderers", "Renderers", "{5114C86E-5BF8-4501-894B-EE7AD0E4E47A}"
EndProject
Project("{9A19103F-16F7-4668-BE54-9A1E7A4F7556}") = "Melville.Pdf.Wpf", "Melville.Pdf.Wpf\Melville.Pdf.Wpf.csproj", "{9BDE0D38-CC37-4F2E-8622-CF038837B9CF}"
EndProject
Project("{9A19103F-16F7-4668-BE54-9A1E7A4F7556}") = "Melville.Pdf.SkiaSharp", "Melville.Pdf.SkiaSharp\Melville.Pdf.SkiaSharp.csproj", "{3881E4A3-0EF2-4D5A-8993-0A7F39F5F2ED}"
EndProject
Project("{9A19103F-16F7-4668-BE54-9A1E7A4F7556}") = "Melville.Wpf.IntegrationTesting", "Melville.Wpf.IntegrationTesting\Melville.Wpf.IntegrationTesting.csproj", "{1839A2B9-FEAA-4D4C-B922-58793818E960}"
EndProject
Project("{9A19103F-16F7-4668-BE54-9A1E7A4F7556}") = "Melville.Icc", "Melville.Icc\Melville.Icc.csproj", "{FA4B66E9-5D90-4D8D-9190-10E7EC8DC5A7}"
EndProject
Project("{9A19103F-16F7-4668-BE54-9A1E7A4F7556}") = "Melville.Parsing", "Melville.Parsing\Melville.Parsing.csproj", "{8E5145BF-F498-4D5D-B082-D5D5758CFF80}"
EndProject
Project("{9A19103F-16F7-4668-BE54-9A1E7A4F7556}") = "Melville.Pdf.FontLibrary", "Melville.Pdf.FontLibrary\Melville.Pdf.FontLibrary.csproj", "{61174C28-E5FE-4CD0-A411-B6E7B0B49DBD}"
EndProject
Project("{9A19103F-16F7-4668-BE54-9A1E7A4F7556}") = "Melville.Pdf.WpfViewer", "Melville.Pdf.WpfViewer\Melville.Pdf.WpfViewer.csproj", "{65B68BD3-EB5E-4A9E-862B-4B70997D76B8}"
EndProject
Project("{2150E333-8FDC-42A3-9474-1A3956D46DE8}") = "Solution Items", "Solution Items", "{E7B054C5-6217-46E9-B224-373825AC74A9}"
	ProjectSection(SolutionItems) = preProject
		.editorconfig = .editorconfig
	EndProjectSection
EndProject
Project("{FAE04EC0-301F-11D3-BF4B-00C04F79EFBC}") = "Melville.CSJ2K", "Melville.CSJ2k\Melville.CSJ2K.csproj", "{91209EF8-BC31-447A-94B4-547F4C2552B5}"
EndProject
Project("{FAE04EC0-301F-11D3-BF4B-00C04F79EFBC}") = "Melville.JpegLibrary", "Melville.JpegLibrary\Melville.JpegLibrary.csproj", "{07F4833D-862D-4955-9967-8D5A3F10701D}"
EndProject
Project("{2150E333-8FDC-42A3-9474-1A3956D46DE8}") = "SubFormatParsers", "SubFormatParsers", "{E1C428F4-9C6C-496B-B1BA-B201E8C02D52}"
EndProject
Global
	GlobalSection(SolutionConfigurationPlatforms) = preSolution
		Debug|Any CPU = Debug|Any CPU
		Release|Any CPU = Release|Any CPU
	EndGlobalSection
	GlobalSection(ProjectConfigurationPlatforms) = postSolution
		{0DC5C5E9-B98F-46BB-B1D9-C3E6E0278D31}.Debug|Any CPU.ActiveCfg = Debug|Any CPU
		{0DC5C5E9-B98F-46BB-B1D9-C3E6E0278D31}.Debug|Any CPU.Build.0 = Debug|Any CPU
		{0DC5C5E9-B98F-46BB-B1D9-C3E6E0278D31}.Release|Any CPU.ActiveCfg = Release|Any CPU
		{0DC5C5E9-B98F-46BB-B1D9-C3E6E0278D31}.Release|Any CPU.Build.0 = Release|Any CPU
		{CA104955-A685-458B-B876-35D26312FC60}.Debug|Any CPU.ActiveCfg = Debug|Any CPU
		{CA104955-A685-458B-B876-35D26312FC60}.Debug|Any CPU.Build.0 = Debug|Any CPU
		{CA104955-A685-458B-B876-35D26312FC60}.Release|Any CPU.ActiveCfg = Release|Any CPU
		{CA104955-A685-458B-B876-35D26312FC60}.Release|Any CPU.Build.0 = Release|Any CPU
		{02E347D4-7A7F-4E75-9A53-AE57FDA748A6}.Debug|Any CPU.ActiveCfg = Debug|Any CPU
		{02E347D4-7A7F-4E75-9A53-AE57FDA748A6}.Debug|Any CPU.Build.0 = Debug|Any CPU
		{02E347D4-7A7F-4E75-9A53-AE57FDA748A6}.Release|Any CPU.ActiveCfg = Release|Any CPU
		{02E347D4-7A7F-4E75-9A53-AE57FDA748A6}.Release|Any CPU.Build.0 = Release|Any CPU
		{D27E7BEE-41BA-449B-B087-26868E495D83}.Debug|Any CPU.ActiveCfg = Debug|Any CPU
		{D27E7BEE-41BA-449B-B087-26868E495D83}.Debug|Any CPU.Build.0 = Debug|Any CPU
		{D27E7BEE-41BA-449B-B087-26868E495D83}.Release|Any CPU.ActiveCfg = Release|Any CPU
		{D27E7BEE-41BA-449B-B087-26868E495D83}.Release|Any CPU.Build.0 = Release|Any CPU
		{1738ADC7-E1BB-477F-A9DB-D5ECC64CA254}.Debug|Any CPU.ActiveCfg = Debug|Any CPU
		{1738ADC7-E1BB-477F-A9DB-D5ECC64CA254}.Debug|Any CPU.Build.0 = Debug|Any CPU
		{1738ADC7-E1BB-477F-A9DB-D5ECC64CA254}.Release|Any CPU.ActiveCfg = Release|Any CPU
		{1738ADC7-E1BB-477F-A9DB-D5ECC64CA254}.Release|Any CPU.Build.0 = Release|Any CPU
		{78456303-95F1-407D-A810-13826FED7137}.Debug|Any CPU.ActiveCfg = Debug|Any CPU
		{78456303-95F1-407D-A810-13826FED7137}.Debug|Any CPU.Build.0 = Debug|Any CPU
		{78456303-95F1-407D-A810-13826FED7137}.Release|Any CPU.ActiveCfg = Release|Any CPU
		{78456303-95F1-407D-A810-13826FED7137}.Release|Any CPU.Build.0 = Release|Any CPU
		{90BBCB23-3170-47F8-96E4-E2469A660C9D}.Debug|Any CPU.ActiveCfg = Debug|Any CPU
		{90BBCB23-3170-47F8-96E4-E2469A660C9D}.Debug|Any CPU.Build.0 = Debug|Any CPU
		{90BBCB23-3170-47F8-96E4-E2469A660C9D}.Release|Any CPU.ActiveCfg = Release|Any CPU
		{90BBCB23-3170-47F8-96E4-E2469A660C9D}.Release|Any CPU.Build.0 = Release|Any CPU
		{BE2B7930-9513-4F0F-BE1A-05D3F4073FB5}.Debug|Any CPU.ActiveCfg = Debug|Any CPU
		{BE2B7930-9513-4F0F-BE1A-05D3F4073FB5}.Debug|Any CPU.Build.0 = Debug|Any CPU
		{BE2B7930-9513-4F0F-BE1A-05D3F4073FB5}.Release|Any CPU.ActiveCfg = Release|Any CPU
		{BE2B7930-9513-4F0F-BE1A-05D3F4073FB5}.Release|Any CPU.Build.0 = Release|Any CPU
		{E2E63284-44F6-4209-AC2C-2592C2CF51F9}.Debug|Any CPU.ActiveCfg = Debug|Any CPU
		{E2E63284-44F6-4209-AC2C-2592C2CF51F9}.Debug|Any CPU.Build.0 = Debug|Any CPU
		{E2E63284-44F6-4209-AC2C-2592C2CF51F9}.Release|Any CPU.ActiveCfg = Release|Any CPU
		{E2E63284-44F6-4209-AC2C-2592C2CF51F9}.Release|Any CPU.Build.0 = Release|Any CPU
		{E1E7D6E0-CC8F-45F3-ABA7-94FC4D09F071}.Debug|Any CPU.ActiveCfg = Debug|Any CPU
		{E1E7D6E0-CC8F-45F3-ABA7-94FC4D09F071}.Debug|Any CPU.Build.0 = Debug|Any CPU
		{E1E7D6E0-CC8F-45F3-ABA7-94FC4D09F071}.Release|Any CPU.ActiveCfg = Release|Any CPU
		{E1E7D6E0-CC8F-45F3-ABA7-94FC4D09F071}.Release|Any CPU.Build.0 = Release|Any CPU
		{AA7A3439-597D-404B-AE56-C6C056D32273}.Debug|Any CPU.ActiveCfg = Debug|Any CPU
		{AA7A3439-597D-404B-AE56-C6C056D32273}.Debug|Any CPU.Build.0 = Debug|Any CPU
		{AA7A3439-597D-404B-AE56-C6C056D32273}.Release|Any CPU.ActiveCfg = Release|Any CPU
		{AA7A3439-597D-404B-AE56-C6C056D32273}.Release|Any CPU.Build.0 = Release|Any CPU
		{A60A0525-20CB-4147-AA41-161963B80057}.Debug|Any CPU.ActiveCfg = Debug|Any CPU
		{A60A0525-20CB-4147-AA41-161963B80057}.Debug|Any CPU.Build.0 = Debug|Any CPU
		{A60A0525-20CB-4147-AA41-161963B80057}.Release|Any CPU.ActiveCfg = Release|Any CPU
		{A60A0525-20CB-4147-AA41-161963B80057}.Release|Any CPU.Build.0 = Release|Any CPU
		{DEF98F68-C5B1-4C4A-99D4-BA48517FF30E}.Debug|Any CPU.ActiveCfg = Debug|Any CPU
		{DEF98F68-C5B1-4C4A-99D4-BA48517FF30E}.Debug|Any CPU.Build.0 = Debug|Any CPU
		{DEF98F68-C5B1-4C4A-99D4-BA48517FF30E}.Release|Any CPU.ActiveCfg = Release|Any CPU
		{DEF98F68-C5B1-4C4A-99D4-BA48517FF30E}.Release|Any CPU.Build.0 = Release|Any CPU
		{2CB5D3FA-FEB1-4C30-A319-2611FBE8A68F}.Debug|Any CPU.ActiveCfg = Debug|Any CPU
		{2CB5D3FA-FEB1-4C30-A319-2611FBE8A68F}.Debug|Any CPU.Build.0 = Debug|Any CPU
		{2CB5D3FA-FEB1-4C30-A319-2611FBE8A68F}.Release|Any CPU.ActiveCfg = Release|Any CPU
		{2CB5D3FA-FEB1-4C30-A319-2611FBE8A68F}.Release|Any CPU.Build.0 = Release|Any CPU
		{9BDE0D38-CC37-4F2E-8622-CF038837B9CF}.Debug|Any CPU.ActiveCfg = Debug|Any CPU
		{9BDE0D38-CC37-4F2E-8622-CF038837B9CF}.Debug|Any CPU.Build.0 = Debug|Any CPU
		{9BDE0D38-CC37-4F2E-8622-CF038837B9CF}.Release|Any CPU.ActiveCfg = Release|Any CPU
		{9BDE0D38-CC37-4F2E-8622-CF038837B9CF}.Release|Any CPU.Build.0 = Release|Any CPU
		{3881E4A3-0EF2-4D5A-8993-0A7F39F5F2ED}.Debug|Any CPU.ActiveCfg = Debug|Any CPU
		{3881E4A3-0EF2-4D5A-8993-0A7F39F5F2ED}.Debug|Any CPU.Build.0 = Debug|Any CPU
		{3881E4A3-0EF2-4D5A-8993-0A7F39F5F2ED}.Release|Any CPU.ActiveCfg = Release|Any CPU
		{3881E4A3-0EF2-4D5A-8993-0A7F39F5F2ED}.Release|Any CPU.Build.0 = Release|Any CPU
		{1839A2B9-FEAA-4D4C-B922-58793818E960}.Debug|Any CPU.ActiveCfg = Debug|Any CPU
		{1839A2B9-FEAA-4D4C-B922-58793818E960}.Debug|Any CPU.Build.0 = Debug|Any CPU
		{1839A2B9-FEAA-4D4C-B922-58793818E960}.Release|Any CPU.ActiveCfg = Release|Any CPU
		{1839A2B9-FEAA-4D4C-B922-58793818E960}.Release|Any CPU.Build.0 = Release|Any CPU
		{FA4B66E9-5D90-4D8D-9190-10E7EC8DC5A7}.Debug|Any CPU.ActiveCfg = Debug|Any CPU
		{FA4B66E9-5D90-4D8D-9190-10E7EC8DC5A7}.Debug|Any CPU.Build.0 = Debug|Any CPU
		{FA4B66E9-5D90-4D8D-9190-10E7EC8DC5A7}.Release|Any CPU.ActiveCfg = Release|Any CPU
		{FA4B66E9-5D90-4D8D-9190-10E7EC8DC5A7}.Release|Any CPU.Build.0 = Release|Any CPU
		{8E5145BF-F498-4D5D-B082-D5D5758CFF80}.Debug|Any CPU.ActiveCfg = Debug|Any CPU
		{8E5145BF-F498-4D5D-B082-D5D5758CFF80}.Debug|Any CPU.Build.0 = Debug|Any CPU
		{8E5145BF-F498-4D5D-B082-D5D5758CFF80}.Release|Any CPU.ActiveCfg = Release|Any CPU
		{8E5145BF-F498-4D5D-B082-D5D5758CFF80}.Release|Any CPU.Build.0 = Release|Any CPU
		{61174C28-E5FE-4CD0-A411-B6E7B0B49DBD}.Debug|Any CPU.ActiveCfg = Debug|Any CPU
		{61174C28-E5FE-4CD0-A411-B6E7B0B49DBD}.Debug|Any CPU.Build.0 = Debug|Any CPU
		{61174C28-E5FE-4CD0-A411-B6E7B0B49DBD}.Release|Any CPU.ActiveCfg = Release|Any CPU
		{61174C28-E5FE-4CD0-A411-B6E7B0B49DBD}.Release|Any CPU.Build.0 = Release|Any CPU
		{65B68BD3-EB5E-4A9E-862B-4B70997D76B8}.Debug|Any CPU.ActiveCfg = Debug|Any CPU
		{65B68BD3-EB5E-4A9E-862B-4B70997D76B8}.Debug|Any CPU.Build.0 = Debug|Any CPU
		{65B68BD3-EB5E-4A9E-862B-4B70997D76B8}.Release|Any CPU.ActiveCfg = Release|Any CPU
		{65B68BD3-EB5E-4A9E-862B-4B70997D76B8}.Release|Any CPU.Build.0 = Release|Any CPU
		{91209EF8-BC31-447A-94B4-547F4C2552B5}.Debug|Any CPU.ActiveCfg = Debug|Any CPU
		{91209EF8-BC31-447A-94B4-547F4C2552B5}.Debug|Any CPU.Build.0 = Debug|Any CPU
		{91209EF8-BC31-447A-94B4-547F4C2552B5}.Release|Any CPU.ActiveCfg = Release|Any CPU
		{91209EF8-BC31-447A-94B4-547F4C2552B5}.Release|Any CPU.Build.0 = Release|Any CPU
		{07F4833D-862D-4955-9967-8D5A3F10701D}.Debug|Any CPU.ActiveCfg = Debug|Any CPU
		{07F4833D-862D-4955-9967-8D5A3F10701D}.Debug|Any CPU.Build.0 = Debug|Any CPU
		{07F4833D-862D-4955-9967-8D5A3F10701D}.Release|Any CPU.ActiveCfg = Release|Any CPU
		{07F4833D-862D-4955-9967-8D5A3F10701D}.Release|Any CPU.Build.0 = Release|Any CPU
	EndGlobalSection
	GlobalSection(SolutionProperties) = preSolution
		HideSolutionNode = FALSE
	EndGlobalSection
	GlobalSection(NestedProjects) = preSolution
		{0DC5C5E9-B98F-46BB-B1D9-C3E6E0278D31} = {0D292405-C373-471D-8A6B-1519A4013D4D}
		{CA104955-A685-458B-B876-35D26312FC60} = {0D292405-C373-471D-8A6B-1519A4013D4D}
		{02E347D4-7A7F-4E75-9A53-AE57FDA748A6} = {A186AFC6-EDF0-44BE-B437-CA145297DEBC}
		{D27E7BEE-41BA-449B-B087-26868E495D83} = {FD4F4F5B-F293-4B46-ABE9-99CF3C5D588D}
		{1738ADC7-E1BB-477F-A9DB-D5ECC64CA254} = {FD4F4F5B-F293-4B46-ABE9-99CF3C5D588D}
		{A0542A96-3DD5-4831-A310-F949F6769F60} = {A186AFC6-EDF0-44BE-B437-CA145297DEBC}
		{78456303-95F1-407D-A810-13826FED7137} = {A0542A96-3DD5-4831-A310-F949F6769F60}
		{90BBCB23-3170-47F8-96E4-E2469A660C9D} = {7808232A-94F8-4390-9D4E-A9CBCC067CBB}
		{BE2B7930-9513-4F0F-BE1A-05D3F4073FB5} = {A186AFC6-EDF0-44BE-B437-CA145297DEBC}
		{E2E63284-44F6-4209-AC2C-2592C2CF51F9} = {A186AFC6-EDF0-44BE-B437-CA145297DEBC}
		{E1E7D6E0-CC8F-45F3-ABA7-94FC4D09F071} = {A186AFC6-EDF0-44BE-B437-CA145297DEBC}
		{AA7A3439-597D-404B-AE56-C6C056D32273} = {FD4F4F5B-F293-4B46-ABE9-99CF3C5D588D}
		{A60A0525-20CB-4147-AA41-161963B80057} = {A186AFC6-EDF0-44BE-B437-CA145297DEBC}
		{DEF98F68-C5B1-4C4A-99D4-BA48517FF30E} = {7808232A-94F8-4390-9D4E-A9CBCC067CBB}
		{2CB5D3FA-FEB1-4C30-A319-2611FBE8A68F} = {7808232A-94F8-4390-9D4E-A9CBCC067CBB}
		{5114C86E-5BF8-4501-894B-EE7AD0E4E47A} = {FD4F4F5B-F293-4B46-ABE9-99CF3C5D588D}
		{9BDE0D38-CC37-4F2E-8622-CF038837B9CF} = {5114C86E-5BF8-4501-894B-EE7AD0E4E47A}
		{3881E4A3-0EF2-4D5A-8993-0A7F39F5F2ED} = {5114C86E-5BF8-4501-894B-EE7AD0E4E47A}
		{1839A2B9-FEAA-4D4C-B922-58793818E960} = {A186AFC6-EDF0-44BE-B437-CA145297DEBC}
		{61174C28-E5FE-4CD0-A411-B6E7B0B49DBD} = {5114C86E-5BF8-4501-894B-EE7AD0E4E47A}
		{65B68BD3-EB5E-4A9E-862B-4B70997D76B8} = {7808232A-94F8-4390-9D4E-A9CBCC067CBB}
		{E1C428F4-9C6C-496B-B1BA-B201E8C02D52} = {FD4F4F5B-F293-4B46-ABE9-99CF3C5D588D}
		{FA4B66E9-5D90-4D8D-9190-10E7EC8DC5A7} = {E1C428F4-9C6C-496B-B1BA-B201E8C02D52}
		{91209EF8-BC31-447A-94B4-547F4C2552B5} = {E1C428F4-9C6C-496B-B1BA-B201E8C02D52}
		{07F4833D-862D-4955-9967-8D5A3F10701D} = {E1C428F4-9C6C-496B-B1BA-B201E8C02D52}
		{8E5145BF-F498-4D5D-B082-D5D5758CFF80} = {E1C428F4-9C6C-496B-B1BA-B201E8C02D52}
	EndGlobalSection
	GlobalSection(ExtensibilityGlobals) = postSolution
		SolutionGuid = {92BF3689-00AF-4389-ADC7-0F79911E5618}
	EndGlobalSection
EndGlobal
