
Microsoft Visual Studio Solution File, Format Version 12.00
Project("{2150E333-8FDC-42A3-9474-1A3956D46DE8}") = "Analyzers", "Analyzers", "{0D292405-C373-471D-8A6B-1519A4013D4D}"
EndProject
Project("{FAE04EC0-301F-11D3-BF4B-00C04F79EFBC}") = "ArchitectureAnalyzer", "ArchitectureAnalyzer\ArchitectureAnalyzer.csproj", "{0DC5C5E9-B98F-46BB-B1D9-C3E6E0278D31}"
EndProject
Global
	GlobalSection(SolutionConfigurationPlatforms) = preSolution
		Debug|Any CPU = Debug|Any CPU
		Release|Any CPU = Release|Any CPU
	EndGlobalSection
	GlobalSection(NestedProjects) = preSolution
		{0DC5C5E9-B98F-46BB-B1D9-C3E6E0278D31} = {0D292405-C373-471D-8A6B-1519A4013D4D}
	EndGlobalSection
	GlobalSection(ProjectConfigurationPlatforms) = postSolution
		{0DC5C5E9-B98F-46BB-B1D9-C3E6E0278D31}.Debug|Any CPU.ActiveCfg = Debug|Any CPU
		{0DC5C5E9-B98F-46BB-B1D9-C3E6E0278D31}.Debug|Any CPU.Build.0 = Debug|Any CPU
		{0DC5C5E9-B98F-46BB-B1D9-C3E6E0278D31}.Release|Any CPU.ActiveCfg = Release|Any CPU
		{0DC5C5E9-B98F-46BB-B1D9-C3E6E0278D31}.Release|Any CPU.Build.0 = Release|Any CPU
	EndGlobalSection
EndGlobal
